
Microsoft Visual Studio Solution File, Format Version 12.00
# Visual Studio 2013
VisualStudioVersion = 12.0.31101.0
MinimumVisualStudioVersion = 10.0.40219.1
Project("{FAE04EC0-301F-11D3-BF4B-00C04F79EFBC}") = "FishDiary", "FishDiary\FishDiary.csproj", "{5C8C2233-9545-4D39-B842-C8BD349A2747}"
EndProject
Project("{2150E333-8FDC-42A3-9474-1A3956D46DE8}") = "PublishScripts", "PublishScripts", "{C0994A68-23A1-4CBD-A301-CEE34351BF47}"
	ProjectSection(SolutionItems) = preProject
		PublishScripts\AzureWebsitePublishModule.psm1 = PublishScripts\AzureWebsitePublishModule.psm1
		PublishScripts\Publish-WebApplicationWebsite.ps1 = PublishScripts\Publish-WebApplicationWebsite.ps1
	EndProjectSection
EndProject
Project("{2150E333-8FDC-42A3-9474-1A3956D46DE8}") = "Configurations", "Configurations", "{8CA86776-C170-40E1-BA4F-7C1E399DA632}"
	ProjectSection(SolutionItems) = preProject
		PublishScripts\Configurations\FishDiary-WAWS-dev.json = PublishScripts\Configurations\FishDiary-WAWS-dev.json
	EndProjectSection
EndProject
Global
	GlobalSection(SolutionConfigurationPlatforms) = preSolution
		Debug|Any CPU = Debug|Any CPU
		Release|Any CPU = Release|Any CPU
	EndGlobalSection
	GlobalSection(ProjectConfigurationPlatforms) = postSolution
		{5C8C2233-9545-4D39-B842-C8BD349A2747}.Debug|Any CPU.ActiveCfg = Debug|Any CPU
		{5C8C2233-9545-4D39-B842-C8BD349A2747}.Debug|Any CPU.Build.0 = Debug|Any CPU
		{5C8C2233-9545-4D39-B842-C8BD349A2747}.Release|Any CPU.ActiveCfg = Release|Any CPU
		{5C8C2233-9545-4D39-B842-C8BD349A2747}.Release|Any CPU.Build.0 = Release|Any CPU
	EndGlobalSection
	GlobalSection(SolutionProperties) = preSolution
		HideSolutionNode = FALSE
	EndGlobalSection
	GlobalSection(NestedProjects) = preSolution
		{8CA86776-C170-40E1-BA4F-7C1E399DA632} = {C0994A68-23A1-4CBD-A301-CEE34351BF47}
	EndGlobalSection
EndGlobal
